
Microsoft Visual Studio Solution File, Format Version 12.00
# Visual Studio Version 17
VisualStudioVersion = 17.0.31912.275
MinimumVisualStudioVersion = 10.0.40219.1
Project("{FAE04EC0-301F-11D3-BF4B-00C04F79EFBC}") = "ClassLibrary1", "ClassLibrary1\ClassLibrary1.csproj", "{0AB8F9E7-C3E8-4958-ABAB-94729A2D67F6}"
EndProject
Global
	GlobalSection(SolutionConfigurationPlatforms) = preSolution
		Debug|Any CPU = Debug|Any CPU
		Release|Any CPU = Release|Any CPU
	EndGlobalSection
	GlobalSection(ProjectConfigurationPlatforms) = postSolution
		{0AB8F9E7-C3E8-4958-ABAB-94729A2D67F6}.Debug|Any CPU.ActiveCfg = Debug|Any CPU
		{0AB8F9E7-C3E8-4958-ABAB-94729A2D67F6}.Debug|Any CPU.Build.0 = Debug|Any CPU
		{0AB8F9E7-C3E8-4958-ABAB-94729A2D67F6}.Release|Any CPU.ActiveCfg = Release|Any CPU
		{0AB8F9E7-C3E8-4958-ABAB-94729A2D67F6}.Release|Any CPU.Build.0 = Release|Any CPU
	EndGlobalSection
	GlobalSection(SolutionProperties) = preSolution
		HideSolutionNode = FALSE
	EndGlobalSection
	GlobalSection(ExtensibilityGlobals) = postSolution
		SolutionGuid = {F7042A84-971F-46A7-A8E2-8FF338F6C2F2}
	EndGlobalSection
EndGlobal
